{
  "version": 4,
  "terraform_version": "1.11.4",
  "serial": 1,
  "lineage": "5a6a15b7-5046-72a6-7ab2-f20973cc25a5",
  "outputs": {},
  "resources": [
    {
      "module": "module.myrg",
      "mode": "managed",
      "type": "azurerm_resource_group",
      "name": "rg",
      "provider": "provider[\"registry.terraform.io/hashicorp/azurerm\"]",
      "instances": [
        {
          "index_key": "rg1",
          "schema_version": 0,
          "attributes": {
            "id": "/subscriptions/0b8a345f-5bb0-4af0-89af-77476d7c9b6f/resourceGroups/alam-rg",
            "location": "eastus",
            "managed_by": "",
            "name": "alam-rg",
            "tags": null,
            "timeouts": null
          },
          "sensitive_attributes": [],
          "private": "eyJlMmJmYjczMC1lY2FhLTExZTYtOGY4OC0zNDM2M2JjN2M0YzAiOnsiY3JlYXRlIjo1NDAwMDAwMDAwMDAwLCJkZWxldGUiOjU0MDAwMDAwMDAwMDAsInJlYWQiOjMwMDAwMDAwMDAwMCwidXBkYXRlIjo1NDAwMDAwMDAwMDAwfX0="
        }
      ]
    }
  ],
  "check_results": null
}
